
Microsoft Visual Studio Solution File, Format Version 12.00
Project("{FAE04EC0-301F-11D3-BF4B-00C04F79EFBC}") = "Bike-Around-Worlds", "Bike-Around-Worlds\Bike-Around-Worlds.csproj", "{A6ACC0BB-FDDA-4A95-A7DA-46C8DACE8A0D}"
EndProject
Project("{FAE04EC0-301F-11D3-BF4B-00C04F79EFBC}") = "BAWLib", "BAWLib\BAWLib.csproj", "{ADA3F534-4EF3-4A05-9321-29657A1EBB3C}"
EndProject
Project("{FAE04EC0-301F-11D3-BF4B-00C04F79EFBC}") = "Domain", "Domain\Domain.csproj", "{F4D93636-EC54-4876-9A04-C18C16E078B1}"
EndProject
Global
	GlobalSection(SolutionConfigurationPlatforms) = preSolution
		Debug|Any CPU = Debug|Any CPU
		Release|Any CPU = Release|Any CPU
	EndGlobalSection
	GlobalSection(ProjectConfigurationPlatforms) = postSolution
		{A6ACC0BB-FDDA-4A95-A7DA-46C8DACE8A0D}.Debug|Any CPU.ActiveCfg = Debug|Any CPU
		{A6ACC0BB-FDDA-4A95-A7DA-46C8DACE8A0D}.Debug|Any CPU.Build.0 = Debug|Any CPU
		{A6ACC0BB-FDDA-4A95-A7DA-46C8DACE8A0D}.Release|Any CPU.ActiveCfg = Release|Any CPU
		{A6ACC0BB-FDDA-4A95-A7DA-46C8DACE8A0D}.Release|Any CPU.Build.0 = Release|Any CPU
		{ADA3F534-4EF3-4A05-9321-29657A1EBB3C}.Debug|Any CPU.ActiveCfg = Debug|Any CPU
		{ADA3F534-4EF3-4A05-9321-29657A1EBB3C}.Debug|Any CPU.Build.0 = Debug|Any CPU
		{ADA3F534-4EF3-4A05-9321-29657A1EBB3C}.Release|Any CPU.ActiveCfg = Release|Any CPU
		{ADA3F534-4EF3-4A05-9321-29657A1EBB3C}.Release|Any CPU.Build.0 = Release|Any CPU
	EndGlobalSection
EndGlobal
